
Microsoft Visual Studio Solution File, Format Version 12.00
# Visual Studio Version 16
VisualStudioVersion = 16.0.29905.134
MinimumVisualStudioVersion = 10.0.40219.1
Project("{FAE04EC0-301F-11D3-BF4B-00C04F79EFBC}") = "GitTest24mar2020", "GitTest24mar2020\GitTest24mar2020.csproj", "{30DB3117-C4C1-4C91-96FC-4F0D7E50C371}"
EndProject
Global
	GlobalSection(SolutionConfigurationPlatforms) = preSolution
		Debug|Any CPU = Debug|Any CPU
		Release|Any CPU = Release|Any CPU
	EndGlobalSection
	GlobalSection(ProjectConfigurationPlatforms) = postSolution
		{30DB3117-C4C1-4C91-96FC-4F0D7E50C371}.Debug|Any CPU.ActiveCfg = Debug|Any CPU
		{30DB3117-C4C1-4C91-96FC-4F0D7E50C371}.Debug|Any CPU.Build.0 = Debug|Any CPU
		{30DB3117-C4C1-4C91-96FC-4F0D7E50C371}.Release|Any CPU.ActiveCfg = Release|Any CPU
		{30DB3117-C4C1-4C91-96FC-4F0D7E50C371}.Release|Any CPU.Build.0 = Release|Any CPU
	EndGlobalSection
	GlobalSection(SolutionProperties) = preSolution
		HideSolutionNode = FALSE
	EndGlobalSection
	GlobalSection(ExtensibilityGlobals) = postSolution
		SolutionGuid = {F068CB82-9A75-4D56-AF92-45A12D76CF3F}
	EndGlobalSection
EndGlobal
